
Microsoft Visual Studio Solution File, Format Version 12.00
# Visual Studio Express 2012 for Windows Desktop
Project("{FAE04EC0-301F-11D3-BF4B-00C04F79EFBC}") = "OpenOrtho", "OpenOrtho\OpenOrtho.csproj", "{DF751089-C73F-4648-AC36-5EA54FD2F715}"
EndProject
Project("{2150E333-8FDC-42A3-9474-1A3956D46DE8}") = ".nuget", ".nuget", "{399B3DD9-A5F3-489B-9C28-1D614F66DC51}"
	ProjectSection(SolutionItems) = preProject
		.nuget\NuGet.Config = .nuget\NuGet.Config
		.nuget\NuGet.exe = .nuget\NuGet.exe
		.nuget\NuGet.targets = .nuget\NuGet.targets
	EndProjectSection
EndProject
Global
	GlobalSection(SolutionConfigurationPlatforms) = preSolution
		Debug|x86 = Debug|x86
		Release|x86 = Release|x86
	EndGlobalSection
	GlobalSection(ProjectConfigurationPlatforms) = postSolution
		{DF751089-C73F-4648-AC36-5EA54FD2F715}.Debug|x86.ActiveCfg = Debug|x86
		{DF751089-C73F-4648-AC36-5EA54FD2F715}.Debug|x86.Build.0 = Debug|x86
		{DF751089-C73F-4648-AC36-5EA54FD2F715}.Release|x86.ActiveCfg = Release|x86
		{DF751089-C73F-4648-AC36-5EA54FD2F715}.Release|x86.Build.0 = Release|x86
	EndGlobalSection
	GlobalSection(SolutionProperties) = preSolution
		HideSolutionNode = FALSE
	EndGlobalSection
EndGlobal
